
Microsoft Visual Studio Solution File, Format Version 12.00
# Visual Studio Version 17
VisualStudioVersion = 17.14.36717.8
MinimumVisualStudioVersion = 10.0.40219.1
Project("{FAE04EC0-301F-11D3-BF4B-00C04F79EFBC}") = "WaterSamplerDashboardPlugin", "WaterSamplerDashboardPlugin.csproj", "{4E1CC384-7AC4-4E85-95A1-4F20E4EFA331}"
EndProject
Global
	GlobalSection(SolutionConfigurationPlatforms) = preSolution
		Debug|Any CPU = Debug|Any CPU
		Release|Any CPU = Release|Any CPU
	EndGlobalSection
	GlobalSection(ProjectConfigurationPlatforms) = postSolution
		{4E1CC384-7AC4-4E85-95A1-4F20E4EFA331}.Debug|Any CPU.ActiveCfg = Debug|Any CPU
		{4E1CC384-7AC4-4E85-95A1-4F20E4EFA331}.Debug|Any CPU.Build.0 = Debug|Any CPU
		{4E1CC384-7AC4-4E85-95A1-4F20E4EFA331}.Release|Any CPU.ActiveCfg = Release|Any CPU
		{4E1CC384-7AC4-4E85-95A1-4F20E4EFA331}.Release|Any CPU.Build.0 = Release|Any CPU
	EndGlobalSection
	GlobalSection(SolutionProperties) = preSolution
		HideSolutionNode = FALSE
	EndGlobalSection
	GlobalSection(ExtensibilityGlobals) = postSolution
		SolutionGuid = {02015A61-F4A1-4E6E-9A8C-13E5D01431E5}
	EndGlobalSection
EndGlobal
